# THIS IS AN AUTOGENERATED FILE. DO NOT EDIT THIS FILE DIRECTLY.
# yarn lockfile v1


"@jupyterlab/coreutils@^2.0.2":
  version "2.0.2"
  resolved "https://registry.yarnpkg.com/@jupyterlab/coreutils/-/coreutils-2.0.2.tgz#e1ceb41b642438d9490ac042307d23a25cb1bee1"
  dependencies:
    "@phosphor/algorithm" "^1.1.2"
    "@phosphor/coreutils" "^1.3.0"
    "@phosphor/disposable" "^1.1.2"
    "@phosphor/signaling" "^1.2.2"
    ajv "~5.1.6"
    comment-json "^1.1.3"
    minimist "~1.2.0"
    moment "~2.21.0"
    path-posix "~1.0.0"
    url-parse "~1.1.9"

"@jupyterlab/observables@^2.0.2":
  version "2.0.2"
  resolved "https://registry.yarnpkg.com/@jupyterlab/observables/-/observables-2.0.2.tgz#6f1c74c462d4984979b837eb8b6286a3470b4293"
  dependencies:
    "@phosphor/algorithm" "^1.1.2"
    "@phosphor/coreutils" "^1.3.0"
    "@phosphor/disposable" "^1.1.2"
    "@phosphor/messaging" "^1.2.2"
    "@phosphor/signaling" "^1.2.2"

"@jupyterlab/services@^3.0.3":
  version "3.0.3"
  resolved "https://registry.yarnpkg.com/@jupyterlab/services/-/services-3.0.3.tgz#b2abe2095f04422d61a6c57bc3cefd2ad1ed63ff"
  dependencies:
    "@jupyterlab/coreutils" "^2.0.2"
    "@jupyterlab/observables" "^2.0.2"
    "@phosphor/algorithm" "^1.1.2"
    "@phosphor/coreutils" "^1.3.0"
    "@phosphor/disposable" "^1.1.2"
    "@phosphor/signaling" "^1.2.2"
    node-fetch "~1.7.3"
    ws "~1.1.4"

"@phosphor/algorithm@^1.1.2":
  version "1.1.2"
  resolved "https://registry.yarnpkg.com/@phosphor/algorithm/-/algorithm-1.1.2.tgz#fd1de9104c9a7f34e92864586ddf2e7f2e7779e8"

"@phosphor/collections@^1.1.2":
  version "1.1.2"
  resolved "https://registry.yarnpkg.com/@phosphor/collections/-/collections-1.1.2.tgz#c4c0b8b91129905fb36a9f243f2dbbde462dab8d"
  dependencies:
    "@phosphor/algorithm" "^1.1.2"

"@phosphor/coreutils@^1.3.0":
  version "1.3.0"
  resolved "https://registry.yarnpkg.com/@phosphor/coreutils/-/coreutils-1.3.0.tgz#63292d381c012c5ab0d0196e83ced829b7e04a42"

"@phosphor/disposable@^1.1.2":
  version "1.1.2"
  resolved "https://registry.yarnpkg.com/@phosphor/disposable/-/disposable-1.1.2.tgz#a192dd6a2e6c69d5d09d39ecf334dab93778060e"
  dependencies:
    "@phosphor/algorithm" "^1.1.2"

"@phosphor/messaging@^1.2.2":
  version "1.2.2"
  resolved "https://registry.yarnpkg.com/@phosphor/messaging/-/messaging-1.2.2.tgz#7d896ddd3797b94a347708ded13da5783db75c14"
  dependencies:
    "@phosphor/algorithm" "^1.1.2"
    "@phosphor/collections" "^1.1.2"

"@phosphor/signaling@^1.2.2":
  version "1.2.2"
  resolved "https://registry.yarnpkg.com/@phosphor/signaling/-/signaling-1.2.2.tgz#3fcf97ca88e38bfb357fe8fe6bf7513347a514a9"
  dependencies:
    "@phosphor/algorithm" "^1.1.2"

ajv@~5.1.6:
  version "5.1.6"
  resolved "https://registry.yarnpkg.com/ajv/-/ajv-5.1.6.tgz#4b2f1a19dece93d57ac216037e3e9791c7dd1564"
  dependencies:
    co "^4.6.0"
    json-schema-traverse "^0.3.0"
    json-stable-stringify "^1.0.1"

co@^4.6.0:
  version "4.6.0"
  resolved "https://registry.yarnpkg.com/co/-/co-4.6.0.tgz#6ea6bdf3d853ae54ccb8e47bfa0bf3f9031fb184"

comment-json@^1.1.3:
  version "1.1.3"
  resolved "https://registry.yarnpkg.com/comment-json/-/comment-json-1.1.3.tgz#6986c3330fee0c4c9e00c2398cd61afa5d8f239e"
  dependencies:
    json-parser "^1.0.0"

encoding@^0.1.11:
  version "0.1.12"
  resolved "https://registry.yarnpkg.com/encoding/-/encoding-0.1.12.tgz#538b66f3ee62cd1ab51ec323829d1f9480c74beb"
  dependencies:
    iconv-lite "~0.4.13"

esprima@^2.7.0:
  version "2.7.3"
  resolved "https://registry.yarnpkg.com/esprima/-/esprima-2.7.3.tgz#96e3b70d5779f6ad49cd032673d1c312767ba581"

iconv-lite@~0.4.13:
  version "0.4.23"
  resolved "https://registry.yarnpkg.com/iconv-lite/-/iconv-lite-0.4.23.tgz#297871f63be507adcfbfca715d0cd0eed84e9a63"
  dependencies:
    safer-buffer ">= 2.1.2 < 3"

is-stream@^1.0.1:
  version "1.1.0"
  resolved "https://registry.yarnpkg.com/is-stream/-/is-stream-1.1.0.tgz#12d4a3dd4e68e0b79ceb8dbc84173ae80d91ca44"

json-parser@^1.0.0:
  version "1.1.5"
  resolved "https://registry.yarnpkg.com/json-parser/-/json-parser-1.1.5.tgz#e62ec5261d1a6a5fc20e812a320740c6d9005677"
  dependencies:
    esprima "^2.7.0"

json-schema-traverse@^0.3.0:
  version "0.3.1"
  resolved "https://registry.yarnpkg.com/json-schema-traverse/-/json-schema-traverse-0.3.1.tgz#349a6d44c53a51de89b40805c5d5e59b417d3340"

json-stable-stringify@^1.0.1:
  version "1.0.1"
  resolved "https://registry.yarnpkg.com/json-stable-stringify/-/json-stable-stringify-1.0.1.tgz#9a759d39c5f2ff503fd5300646ed445f88c4f9af"
  dependencies:
    jsonify "~0.0.0"

jsonify@~0.0.0:
  version "0.0.0"
  resolved "https://registry.yarnpkg.com/jsonify/-/jsonify-0.0.0.tgz#2c74b6ee41d93ca51b7b5aaee8f503631d252a73"

minimist@~1.2.0:
  version "1.2.0"
  resolved "https://registry.yarnpkg.com/minimist/-/minimist-1.2.0.tgz#a35008b20f41383eec1fb914f4cd5df79a264284"

moment@~2.21.0:
  version "2.21.0"
  resolved "https://registry.yarnpkg.com/moment/-/moment-2.21.0.tgz#2a114b51d2a6ec9e6d83cf803f838a878d8a023a"

node-fetch@~1.7.3:
  version "1.7.3"
  resolved "https://registry.yarnpkg.com/node-fetch/-/node-fetch-1.7.3.tgz#980f6f72d85211a5347c6b2bc18c5b84c3eb47ef"
  dependencies:
    encoding "^0.1.11"
    is-stream "^1.0.1"

options@>=0.0.5:
  version "0.0.6"
  resolved "https://registry.yarnpkg.com/options/-/options-0.0.6.tgz#ec22d312806bb53e731773e7cdaefcf1c643128f"

path-posix@~1.0.0:
  version "1.0.0"
  resolved "https://registry.yarnpkg.com/path-posix/-/path-posix-1.0.0.tgz#06b26113f56beab042545a23bfa88003ccac260f"

querystringify@~1.0.0:
  version "1.0.0"
  resolved "https://registry.yarnpkg.com/querystringify/-/querystringify-1.0.0.tgz#6286242112c5b712fa654e526652bf6a13ff05cb"

requires-port@1.0.x:
  version "1.0.0"
  resolved "https://registry.yarnpkg.com/requires-port/-/requires-port-1.0.0.tgz#925d2601d39ac485e091cf0da5c6e694dc3dcaff"

"safer-buffer@>= 2.1.2 < 3":
  version "2.1.2"
  resolved "https://registry.yarnpkg.com/safer-buffer/-/safer-buffer-2.1.2.tgz#44fa161b0187b9549dd84bb91802f9bd8385cd6a"

ultron@1.0.x:
  version "1.0.2"
  resolved "https://registry.yarnpkg.com/ultron/-/ultron-1.0.2.tgz#ace116ab557cd197386a4e88f4685378c8b2e4fa"

url-parse@~1.1.9:
  version "1.1.9"
  resolved "https://registry.yarnpkg.com/url-parse/-/url-parse-1.1.9.tgz#c67f1d775d51f0a18911dd7b3ffad27bb9e5bd19"
  dependencies:
    querystringify "~1.0.0"
    requires-port "1.0.x"

ws@~1.1.4:
  version "1.1.5"
  resolved "https://registry.yarnpkg.com/ws/-/ws-1.1.5.tgz#cbd9e6e75e09fc5d2c90015f21f0c40875e0dd51"
  dependencies:
    options ">=0.0.5"
    ultron "1.0.x"
